PODS:
  - HCYoutubeParser (0.0.5)
  - IGVimeoExtractor (1.2.0)

DEPENDENCIES:
  - HCYoutubeParser (from `~/Desarrollo/workspace/HCYoutubeParser`)
  - IGVimeoExtractor (~> 1.2)

EXTERNAL SOURCES:
  HCYoutubeParser:
    :path: "~/Desarrollo/workspace/HCYoutubeParser"

SPEC CHECKSUMS:
  HCYoutubeParser: bc1db8c062e4b835eda381f2be2f9970f6a8d071
  IGVimeoExtractor: 84dd81e5bd7da82bcf99db246031edfda7313752

PODFILE CHECKSUM: 663cb0b94251e0f0bf3522690f0211feb1473f22

COCOAPODS: 1.2.1
